dependencies:
- name: grafana
  repository: https://kubernetes-charts.storage.googleapis.com/
  version: 4.3.2
- name: keycloak
  repository: https://codecentric.github.io/helm-charts/
  version: 8.2.2
digest: sha256:0f87a00b8c6355cdcfc09d8a6edc0ecf48214dc30b73ab8f92a87de8a3fba632
generated: "2020-06-18T10:38:04.605174567+02:00"
